// !$*UTF8*$!
{
	archiveVersion = 1;
	classes = {
	};
	objectVersion = 46;
	objects = {

/* Begin PBXBuildFile section */
		8CC1167B15AB0CBE000A26C3 /* UIKit.framework in Frameworks */ = {isa = PBXBuildFile; fileRef = 8CC1167A15AB0CBE000A26C3 /* UIKit.framework */; };
		8CC1167D15AB0CBE000A26C3 /* Foundation.framework in Frameworks */ = {isa = PBXBuildFile; fileRef = 8CC1167C15AB0CBE000A26C3 /* Foundation.framework */; };
		8CC1167F15AB0CBE000A26C3 /* CoreGraphics.framework in Frameworks */ = {isa = PBXBuildFile; fileRef = 8CC1167E15AB0CBE000A26C3 /* CoreGraphics.framework */; };
		8CC1168515AB0CBE000A26C3 /* InfoPlist.strings in Resources */ = {isa = PBXBuildFile; fileRef = 8CC1168315AB0CBE000A26C3 /* InfoPlist.strings */; };
		8CC1168715AB0CBE000A26C3 /* main.m in Sources */ = {isa = PBXBuildFile; fileRef = 8CC1168615AB0CBE000A26C3 /* main.m */; };
		8CC1168B15AB0CBE000A26C3 /* AppDelegate.m in Sources */ = {isa = PBXBuildFile; fileRef = 8CC1168A15AB0CBE000A26C3 /* AppDelegate.m */; };
		8CC1168E15AB0CBE000A26C3 /* ViewController.m in Sources */ = {isa = PBXBuildFile; fileRef = 8CC1168D15AB0CBE000A26C3 /* ViewController.m */; };
		8CC1169115AB0CBE000A26C3 /* ViewController.xib in Resources */ = {isa = PBXBuildFile; fileRef = 8CC1168F15AB0CBE000A26C3 /* ViewController.xib */; };
		8CC1169B15AB0D2F000A26C3 /* SSLStream.m in Sources */ = {isa = PBXBuildFile; fileRef = 8CC1169A15AB0D2F000A26C3 /* SSLStream.m */; };
		8CC1169D15AB0D46000A26C3 /* CFNetwork.framework in Frameworks */ = {isa = PBXBuildFile; fileRef = 8CC1169C15AB0D46000A26C3 /* CFNetwork.framework */; };
/* End PBXBuildFile section */

/* Begin PBXFileReference section */
		8CC1167615AB0CBE000A26C3 /* SimpleSSLStream.app */ = {isa = PBXFileReference; explicitFileType = wrapper.application; includeInIndex = 0; path = SimpleSSLStream.app; sourceTree = BUILT_PRODUCTS_DIR; };
		8CC1167A15AB0CBE000A26C3 /* UIKit.framework */ = {isa = PBXFileReference; lastKnownFileType = wrapper.framework; name = UIKit.framework; path = System/Library/Frameworks/UIKit.framework; sourceTree = SDKROOT; };
		8CC1167C15AB0CBE000A26C3 /* Foundation.framework */ = {isa = PBXFileReference; lastKnownFileType = wrapper.framework; name = Foundation.framework; path = System/Library/Frameworks/Foundation.framework; sourceTree = SDKROOT; };
		8CC1167E15AB0CBE000A26C3 /* CoreGraphics.framework */ = {isa = PBXFileReference; lastKnownFileType = wrapper.framework; name = CoreGraphics.framework; path = System/Library/Frameworks/CoreGraphics.framework; sourceTree = SDKROOT; };
		8CC1168215AB0CBE000A26C3 /* SimpleSSLStream-Info.plist */ = {isa = PBXFileReference; lastKnownFileType = text.plist.xml; path = "SimpleSSLStream-Info.plist"; sourceTree = "<group>"; };
		8CC1168415AB0CBE000A26C3 /* en */ = {isa = PBXFileReference; lastKnownFileType = text.plist.strings; name = en; path = en.lproj/InfoPlist.strings; sourceTree = "<group>"; };
		8CC1168615AB0CBE000A26C3 /* main.m */ = {isa = PBXFileReference; lastKnownFileType = sourcecode.c.objc; path = main.m; sourceTree = "<group>"; };
		8CC1168815AB0CBE000A26C3 /* SimpleSSLStream-Prefix.pch */ = {isa = PBXFileReference; lastKnownFileType = sourcecode.c.h; path = "SimpleSSLStream-Prefix.pch"; sourceTree = "<group>"; };
		8CC1168915AB0CBE000A26C3 /* AppDelegate.h */ = {isa = PBXFileReference; lastKnownFileType = sourcecode.c.h; path = AppDelegate.h; sourceTree = "<group>"; };
		8CC1168A15AB0CBE000A26C3 /* AppDelegate.m */ = {isa = PBXFileReference; lastKnownFileType = sourcecode.c.objc; path = AppDelegate.m; sourceTree = "<group>"; };
		8CC1168C15AB0CBE000A26C3 /* ViewController.h */ = {isa = PBXFileReference; lastKnownFileType = sourcecode.c.h; path = ViewController.h; sourceTree = "<group>"; };
		8CC1168D15AB0CBE000A26C3 /* ViewController.m */ = {isa = PBXFileReference; lastKnownFileType = sourcecode.c.objc; path = ViewController.m; sourceTree = "<group>"; };
		8CC1169015AB0CBE000A26C3 /* en */ = {isa = PBXFileReference; lastKnownFileType = file.xib; name = en; path = en.lproj/ViewController.xib; sourceTree = "<group>"; };
		8CC1169915AB0D2F000A26C3 /* SSLStream.h */ = {isa = PBXFileReference; fileEncoding = 4; lastKnownFileType = sourcecode.c.h; path = SSLStream.h; sourceTree = "<group>"; };
		8CC1169A15AB0D2F000A26C3 /* SSLStream.m */ = {isa = PBXFileReference; fileEncoding = 4; lastKnownFileType = sourcecode.c.objc; path = SSLStream.m; sourceTree = "<group>"; };
		8CC1169C15AB0D46000A26C3 /* CFNetwork.framework */ = {isa = PBXFileReference; lastKnownFileType = wrapper.framework; name = CFNetwork.framework; path = System/Library/Frameworks/CFNetwork.framework; sourceTree = SDKROOT; };
/* End PBXFileReference section */

/* Begin PBXFrameworksBuildPhase section */
		8CC1167315AB0CBE000A26C3 /* Frameworks */ = {
			isa = PBXFrameworksBuildPhase;
			buildActionMask = 2147483647;
			files = (
				8CC1169D15AB0D46000A26C3 /* CFNetwork.framework in Frameworks */,
				8CC1167B15AB0CBE000A26C3 /* UIKit.framework in Frameworks */,
				8CC1167D15AB0CBE000A26C3 /* Foundation.framework in Frameworks */,
				8CC1167F15AB0CBE000A26C3 /* CoreGraphics.framework in Frameworks */,
			);
			runOnlyForDeploymentPostprocessing = 0;
		};
/* End PBXFrameworksBuildPhase section */

/* Begin PBXGroup section */
		8CC1166B15AB0CBE000A26C3 = {
			isa = PBXGroup;
			children = (
				8CC1168015AB0CBE000A26C3 /* SimpleSSLStream */,
				8CC1167915AB0CBE000A26C3 /* Frameworks */,
				8CC1167715AB0CBE000A26C3 /* Products */,
			);
			sourceTree = "<group>";
		};
		8CC1167715AB0CBE000A26C3 /* Products */ = {
			isa = PBXGroup;
			children = (
				8CC1167615AB0CBE000A26C3 /* SimpleSSLStream.app */,
			);
			name = Products;
			sourceTree = "<group>";
		};
		8CC1167915AB0CBE000A26C3 /* Frameworks */ = {
			isa = PBXGroup;
			children = (
				8CC1169C15AB0D46000A26C3 /* CFNetwork.framework */,
				8CC1167A15AB0CBE000A26C3 /* UIKit.framework */,
				8CC1167C15AB0CBE000A26C3 /* Foundation.framework */,
				8CC1167E15AB0CBE000A26C3 /* CoreGraphics.framework */,
			);
			name = Frameworks;
			sourceTree = "<group>";
		};
		8CC1168015AB0CBE000A26C3 /* SimpleSSLStream */ = {
			isa = PBXGroup;
			children = (
				8CC1169915AB0D2F000A26C3 /* SSLStream.h */,
				8CC1169A15AB0D2F000A26C3 /* SSLStream.m */,
				8CC1168915AB0CBE000A26C3 /* AppDelegate.h */,
				8CC1168A15AB0CBE000A26C3 /* AppDelegate.m */,
				8CC1168C15AB0CBE000A26C3 /* ViewController.h */,
				8CC1168D15AB0CBE000A26C3 /* ViewController.m */,
				8CC1168F15AB0CBE000A26C3 /* ViewController.xib */,
				8CC1168115AB0CBE000A26C3 /* Supporting Files */,
			);
			path = SimpleSSLStream;
			sourceTree = "<group>";
		};
		8CC1168115AB0CBE000A26C3 /* Supporting Files */ = {
			isa = PBXGroup;
			children = (
				8CC1168215AB0CBE000A26C3 /* SimpleSSLStream-Info.plist */,
				8CC1168315AB0CBE000A26C3 /* InfoPlist.strings */,
				8CC1168615AB0CBE000A26C3 /* main.m */,
				8CC1168815AB0CBE000A26C3 /* SimpleSSLStream-Prefix.pch */,
			);
			name = "Supporting Files";
			sourceTree = "<group>";
		};
/* End PBXGroup section */

/* Begin PBXNativeTarget section */
		8CC1167515AB0CBE000A26C3 /* SimpleSSLStream */ = {
			isa = PBXNativeTarget;
			buildConfigurationList = 8CC1169415AB0CBE000A26C3 /* Build configuration list for PBXNativeTarget "SimpleSSLStream" */;
			buildPhases = (
				8CC1167215AB0CBE000A26C3 /* Sources */,
				8CC1167315AB0CBE000A26C3 /* Frameworks */,
				8CC1167415AB0CBE000A26C3 /* Resources */,
			);
			buildRules = (
			);
			dependencies = (
			);
			name = SimpleSSLStream;
			productName = SimpleSSLStream;
			productReference = 8CC1167615AB0CBE000A26C3 /* SimpleSSLStream.app */;
			productType = "com.apple.product-type.application";
		};
/* End PBXNativeTarget section */

/* Begin PBXProject section */
		8CC1166D15AB0CBE000A26C3 /* Project object */ = {
			isa = PBXProject;
			attributes = {
				LastUpgradeCheck = 0430;
			};
			buildConfigurationList = 8CC1167015AB0CBE000A26C3 /* Build configuration list for PBXProject "SimpleSSLStream" */;
			compatibilityVersion = "Xcode 3.2";
			developmentRegion = English;
			hasScannedForEncodings = 0;
			knownRegions = (
				en,
			);
			mainGroup = 8CC1166B15AB0CBE000A26C3;
			productRefGroup = 8CC1167715AB0CBE000A26C3 /* Products */;
			projectDirPath = "";
			projectRoot = "";
			targets = (
				8CC1167515AB0CBE000A26C3 /* SimpleSSLStream */,
			);
		};
/* End PBXProject section */

/* Begin PBXResourcesBuildPhase section */
		8CC1167415AB0CBE000A26C3 /* Resources */ = {
			isa = PBXResourcesBuildPhase;
			buildActionMask = 2147483647;
			files = (
				8CC1168515AB0CBE000A26C3 /* InfoPlist.strings in Resources */,
				8CC1169115AB0CBE000A26C3 /* ViewController.xib in Resources */,
			);
			runOnlyForDeploymentPostprocessing = 0;
		};
/* End PBXResourcesBuildPhase section */

/* Begin PBXSourcesBuildPhase section */
		8CC1167215AB0CBE000A26C3 /* Sources */ = {
			isa = PBXSourcesBuildPhase;
			buildActionMask = 2147483647;
			files = (
				8CC1168715AB0CBE000A26C3 /* main.m in Sources */,
				8CC1168B15AB0CBE000A26C3 /* AppDelegate.m in Sources */,
				8CC1168E15AB0CBE000A26C3 /* ViewController.m in Sources */,
				8CC1169B15AB0D2F000A26C3 /* SSLStream.m in Sources */,
			);
			runOnlyForDeploymentPostprocessing = 0;
		};
/* End PBXSourcesBuildPhase section */

/* Begin PBXVariantGroup section */
		8CC1168315AB0CBE000A26C3 /* InfoPlist.strings */ = {
			isa = PBXVariantGroup;
			children = (
				8CC1168415AB0CBE000A26C3 /* en */,
			);
			name = InfoPlist.strings;
			sourceTree = "<group>";
		};
		8CC1168F15AB0CBE000A26C3 /* ViewController.xib */ = {
			isa = PBXVariantGroup;
			children = (
				8CC1169015AB0CBE000A26C3 /* en */,
			);
			name = ViewController.xib;
			sourceTree = "<group>";
		};
/* End PBXVariantGroup section */

/* Begin XCBuildConfiguration section */
		8CC1169215AB0CBE000A26C3 /* Debug */ = {
			isa = XCBuildConfiguration;
			buildSettings = {
				ALWAYS_SEARCH_USER_PATHS = NO;
				ARCHS = "$(ARCHS_STANDARD_32_BIT)";
				"CODE_SIGN_IDENTITY[sdk=iphoneos*]" = "iPhone Developer";
				COPY_PHASE_STRIP = NO;
				GCC_C_LANGUAGE_STANDARD = gnu99;
				GCC_DYNAMIC_NO_PIC = NO;
				GCC_OPTIMIZATION_LEVEL = 0;
				GCC_PREPROCESSOR_DEFINITIONS = (
					"DEBUG=1",
					"$(inherited)",
				);
				GCC_SYMBOLS_PRIVATE_EXTERN = NO;
				GCC_VERSION = com.apple.compilers.llvm.clang.1_0;
				GCC_WARN_ABOUT_RETURN_TYPE = YES;
				GCC_WARN_UNINITIALIZED_AUTOS = YES;
				GCC_WARN_UNUSED_VARIABLE = YES;
				IPHONEOS_DEPLOYMENT_TARGET = 5.1;
				SDKROOT = iphoneos;
			};
			name = Debug;
		};
		8CC1169315AB0CBE000A26C3 /* Release */ = {
			isa = XCBuildConfiguration;
			buildSettings = {
				ALWAYS_SEARCH_USER_PATHS = NO;
				ARCHS = "$(ARCHS_STANDARD_32_BIT)";
				"CODE_SIGN_IDENTITY[sdk=iphoneos*]" = "iPhone Developer";
				COPY_PHASE_STRIP = YES;
				GCC_C_LANGUAGE_STANDARD = gnu99;
				GCC_VERSION = com.apple.compilers.llvm.clang.1_0;
				GCC_WARN_ABOUT_RETURN_TYPE = YES;
				GCC_WARN_UNINITIALIZED_AUTOS = YES;
				GCC_WARN_UNUSED_VARIABLE = YES;
				IPHONEOS_DEPLOYMENT_TARGET = 5.1;
				OTHER_CFLAGS = "-DNS_BLOCK_ASSERTIONS=1";
				SDKROOT = iphoneos;
				VALIDATE_PRODUCT = YES;
			};
			name = Release;
		};
		8CC1169515AB0CBE000A26C3 /* Debug */ = {
			isa = XCBuildConfiguration;
			buildSettings = {
				GCC_PRECOMPILE_PREFIX_HEADER = YES;
				GCC_PREFIX_HEADER = "SimpleSSLStream/SimpleSSLStream-Prefix.pch";
				INFOPLIST_FILE = "SimpleSSLStream/SimpleSSLStream-Info.plist";
				PRODUCT_NAME = "$(TARGET_NAME)";
				WRAPPER_EXTENSION = app;
			};
			name = Debug;
		};
		8CC1169615AB0CBE000A26C3 /* Release */ = {
			isa = XCBuildConfiguration;
			buildSettings = {
				GCC_PRECOMPILE_PREFIX_HEADER = YES;
				GCC_PREFIX_HEADER = "SimpleSSLStream/SimpleSSLStream-Prefix.pch";
				INFOPLIST_FILE = "SimpleSSLStream/SimpleSSLStream-Info.plist";
				PRODUCT_NAME = "$(TARGET_NAME)";
				WRAPPER_EXTENSION = app;
			};
			name = Release;
		};
/* End XCBuildConfiguration section */

/* Begin XCConfigurationList section */
		8CC1167015AB0CBE000A26C3 /* Build configuration list for PBXProject "SimpleSSLStream" */ = {
			isa = XCConfigurationList;
			buildConfigurations = (
				8CC1169215AB0CBE000A26C3 /* Debug */,
				8CC1169315AB0CBE000A26C3 /* Release */,
			);
			defaultConfigurationIsVisible = 0;
			defaultConfigurationName = Release;
		};
		8CC1169415AB0CBE000A26C3 /* Build configuration list for PBXNativeTarget "SimpleSSLStream" */ = {
			isa = XCConfigurationList;
			buildConfigurations = (
				8CC1169515AB0CBE000A26C3 /* Debug */,
				8CC1169615AB0CBE000A26C3 /* Release */,
			);
			defaultConfigurationIsVisible = 0;
		};
/* End XCConfigurationList section */
	};
	rootObject = 8CC1166D15AB0CBE000A26C3 /* Project object */;
}
